
Microsoft Visual Studio Solution File, Format Version 12.00
# Visual Studio Version 17
VisualStudioVersion = 17.2.32526.322
MinimumVisualStudioVersion = 10.0.40219.1
Project("{FAE04EC0-301F-11D3-BF4B-00C04F79EFBC}") = "DELibrary.NET", "DELibrary.NET\DELibrary.NET.csproj", "{9900112C-25D6-427D-846A-A90E31CF8FE3}"
	ProjectSection(ProjectDependencies) = postProject
		{A99195D9-AE49-41F5-8FF0-C7D9EEF9C3AB} = {A99195D9-AE49-41F5-8FF0-C7D9EEF9C3AB}
	EndProjectSection
EndProject
Project("{9A19103F-16F7-4668-BE54-9A1E7A4F7556}") = "ImGui.NET", "ImGui.NET-master\ImGui.NET-master\src\ImGui.NET\ImGui.NET.csproj", "{A99195D9-AE49-41F5-8FF0-C7D9EEF9C3AB}"
EndProject
Project("{FAE04EC0-301F-11D3-BF4B-00C04F79EFBC}") = "TestProject", "Projects\TestProject\TestProject.csproj", "{920EF6CA-743B-4784-8BBE-42BD9115FD4D}"
EndProject
Project("{FAE04EC0-301F-11D3-BF4B-00C04F79EFBC}") = "DELibrary.Loader", "DELibrary.Loader\DELibrary.Loader.csproj", "{A91ADD10-BB77-4699-829B-B6861A839906}"
EndProject
Global
	GlobalSection(SolutionConfigurationPlatforms) = preSolution
		DEBUG_RELEASE_MODE|Any CPU = DEBUG_RELEASE_MODE|Any CPU
		DEBUG_RELEASE_MODE|x64 = DEBUG_RELEASE_MODE|x64
		DEBUG_RELEASE_MODE|x86 = DEBUG_RELEASE_MODE|x86
		Debug|Any CPU = Debug|Any CPU
		Debug|x64 = Debug|x64
		Debug|x86 = Debug|x86
		Kiwami 2 Debug|Any CPU = Kiwami 2 Debug|Any CPU
		Kiwami 2 Debug|x64 = Kiwami 2 Debug|x64
		Kiwami 2 Debug|x86 = Kiwami 2 Debug|x86
		Kiwami 2 Release|Any CPU = Kiwami 2 Release|Any CPU
		Kiwami 2 Release|x64 = Kiwami 2 Release|x64
		Kiwami 2 Release|x86 = Kiwami 2 Release|x86
		Release|Any CPU = Release|Any CPU
		Release|x64 = Release|x64
		Release|x86 = Release|x86
		RETAIL_TEST_RELEASE|Any CPU = RETAIL_TEST_RELEASE|Any CPU
		RETAIL_TEST_RELEASE|x64 = RETAIL_TEST_RELEASE|x64
		RETAIL_TEST_RELEASE|x86 = RETAIL_TEST_RELEASE|x86
		Yakuza 7 Release|Any CPU = Yakuza 7 Release|Any CPU
		Yakuza 7 Release|x64 = Yakuza 7 Release|x64
		Yakuza 7 Release|x86 = Yakuza 7 Release|x86
		YLAD Debug|Any CPU = YLAD Debug|Any CPU
		YLAD Debug|x64 = YLAD Debug|x64
		YLAD Debug|x86 = YLAD Debug|x86
		YLAD Release|Any CPU = YLAD Release|Any CPU
		YLAD Release|x64 = YLAD Release|x64
		YLAD Release|x86 = YLAD Release|x86
	EndGlobalSection
	GlobalSection(ProjectConfigurationPlatforms) = postSolution
		{9900112C-25D6-427D-846A-A90E31CF8FE3}.DEBUG_RELEASE_MODE|Any CPU.ActiveCfg = Debug|Any CPU
		{9900112C-25D6-427D-846A-A90E31CF8FE3}.DEBUG_RELEASE_MODE|Any CPU.Build.0 = Debug|Any CPU
		{9900112C-25D6-427D-846A-A90E31CF8FE3}.DEBUG_RELEASE_MODE|x64.ActiveCfg = Debug|x64
		{9900112C-25D6-427D-846A-A90E31CF8FE3}.DEBUG_RELEASE_MODE|x64.Build.0 = Debug|x64
		{9900112C-25D6-427D-846A-A90E31CF8FE3}.DEBUG_RELEASE_MODE|x86.ActiveCfg = Debug|Any CPU
		{9900112C-25D6-427D-846A-A90E31CF8FE3}.DEBUG_RELEASE_MODE|x86.Build.0 = Debug|Any CPU
		{9900112C-25D6-427D-846A-A90E31CF8FE3}.Debug|Any CPU.ActiveCfg = Debug|Any CPU
		{9900112C-25D6-427D-846A-A90E31CF8FE3}.Debug|Any CPU.Build.0 = Debug|Any CPU
		{9900112C-25D6-427D-846A-A90E31CF8FE3}.Debug|x64.ActiveCfg = Debug|Any CPU
		{9900112C-25D6-427D-846A-A90E31CF8FE3}.Debug|x64.Build.0 = Debug|Any CPU
		{9900112C-25D6-427D-846A-A90E31CF8FE3}.Debug|x86.ActiveCfg = Debug|Any CPU
		{9900112C-25D6-427D-846A-A90E31CF8FE3}.Debug|x86.Build.0 = Debug|Any CPU
		{9900112C-25D6-427D-846A-A90E31CF8FE3}.Kiwami 2 Debug|Any CPU.ActiveCfg = Debug|Any CPU
		{9900112C-25D6-427D-846A-A90E31CF8FE3}.Kiwami 2 Debug|Any CPU.Build.0 = Debug|Any CPU
		{9900112C-25D6-427D-846A-A90E31CF8FE3}.Kiwami 2 Debug|x64.ActiveCfg = Debug|x64
		{9900112C-25D6-427D-846A-A90E31CF8FE3}.Kiwami 2 Debug|x64.Build.0 = Debug|x64
		{9900112C-25D6-427D-846A-A90E31CF8FE3}.Kiwami 2 Debug|x86.ActiveCfg = Debug|Any CPU
		{9900112C-25D6-427D-846A-A90E31CF8FE3}.Kiwami 2 Debug|x86.Build.0 = Debug|Any CPU
		{9900112C-25D6-427D-846A-A90E31CF8FE3}.Kiwami 2 Release|Any CPU.ActiveCfg = Release|Any CPU
		{9900112C-25D6-427D-846A-A90E31CF8FE3}.Kiwami 2 Release|Any CPU.Build.0 = Release|Any CPU
		{9900112C-25D6-427D-846A-A90E31CF8FE3}.Kiwami 2 Release|x64.ActiveCfg = Release|x64
		{9900112C-25D6-427D-846A-A90E31CF8FE3}.Kiwami 2 Release|x64.Build.0 = Release|x64
		{9900112C-25D6-427D-846A-A90E31CF8FE3}.Kiwami 2 Release|x86.ActiveCfg = Release|Any CPU
		{9900112C-25D6-427D-846A-A90E31CF8FE3}.Kiwami 2 Release|x86.Build.0 = Release|Any CPU
		{9900112C-25D6-427D-846A-A90E31CF8FE3}.Release|Any CPU.ActiveCfg = Release|Any CPU
		{9900112C-25D6-427D-846A-A90E31CF8FE3}.Release|Any CPU.Build.0 = Release|Any CPU
		{9900112C-25D6-427D-846A-A90E31CF8FE3}.Release|x64.ActiveCfg = Release|Any CPU
		{9900112C-25D6-427D-846A-A90E31CF8FE3}.Release|x64.Build.0 = Release|Any CPU
		{9900112C-25D6-427D-846A-A90E31CF8FE3}.Release|x86.ActiveCfg = Release|Any CPU
		{9900112C-25D6-427D-846A-A90E31CF8FE3}.Release|x86.Build.0 = Release|Any CPU
		{9900112C-25D6-427D-846A-A90E31CF8FE3}.RETAIL_TEST_RELEASE|Any CPU.ActiveCfg = Release|Any CPU
		{9900112C-25D6-427D-846A-A90E31CF8FE3}.RETAIL_TEST_RELEASE|Any CPU.Build.0 = Release|Any CPU
		{9900112C-25D6-427D-846A-A90E31CF8FE3}.RETAIL_TEST_RELEASE|x64.ActiveCfg = Release|x64
		{9900112C-25D6-427D-846A-A90E31CF8FE3}.RETAIL_TEST_RELEASE|x64.Build.0 = Release|x64
		{9900112C-25D6-427D-846A-A90E31CF8FE3}.RETAIL_TEST_RELEASE|x86.ActiveCfg = Release|Any CPU
		{9900112C-25D6-427D-846A-A90E31CF8FE3}.RETAIL_TEST_RELEASE|x86.Build.0 = Release|Any CPU
		{9900112C-25D6-427D-846A-A90E31CF8FE3}.Yakuza 7 Release|Any CPU.ActiveCfg = YLAD Release|Any CPU
		{9900112C-25D6-427D-846A-A90E31CF8FE3}.Yakuza 7 Release|Any CPU.Build.0 = YLAD Release|Any CPU
		{9900112C-25D6-427D-846A-A90E31CF8FE3}.Yakuza 7 Release|x64.ActiveCfg = YLAD Release|x64
		{9900112C-25D6-427D-846A-A90E31CF8FE3}.Yakuza 7 Release|x64.Build.0 = YLAD Release|x64
		{9900112C-25D6-427D-846A-A90E31CF8FE3}.Yakuza 7 Release|x86.ActiveCfg = YLAD Release|Any CPU
		{9900112C-25D6-427D-846A-A90E31CF8FE3}.Yakuza 7 Release|x86.Build.0 = YLAD Release|Any CPU
		{9900112C-25D6-427D-846A-A90E31CF8FE3}.YLAD Debug|Any CPU.ActiveCfg = YLAD Debug|Any CPU
		{9900112C-25D6-427D-846A-A90E31CF8FE3}.YLAD Debug|Any CPU.Build.0 = YLAD Debug|Any CPU
		{9900112C-25D6-427D-846A-A90E31CF8FE3}.YLAD Debug|x64.ActiveCfg = YLAD Debug|x64
		{9900112C-25D6-427D-846A-A90E31CF8FE3}.YLAD Debug|x64.Build.0 = YLAD Debug|x64
		{9900112C-25D6-427D-846A-A90E31CF8FE3}.YLAD Debug|x86.ActiveCfg = YLAD Debug|Any CPU
		{9900112C-25D6-427D-846A-A90E31CF8FE3}.YLAD Debug|x86.Build.0 = YLAD Debug|Any CPU
		{9900112C-25D6-427D-846A-A90E31CF8FE3}.YLAD Release|Any CPU.ActiveCfg = YLAD Release|Any CPU
		{9900112C-25D6-427D-846A-A90E31CF8FE3}.YLAD Release|Any CPU.Build.0 = YLAD Release|Any CPU
		{9900112C-25D6-427D-846A-A90E31CF8FE3}.YLAD Release|x64.ActiveCfg = YLAD Release|x64
		{9900112C-25D6-427D-846A-A90E31CF8FE3}.YLAD Release|x64.Build.0 = YLAD Release|x64
		{9900112C-25D6-427D-846A-A90E31CF8FE3}.YLAD Release|x86.ActiveCfg = YLAD Release|Any CPU
		{9900112C-25D6-427D-846A-A90E31CF8FE3}.YLAD Release|x86.Build.0 = YLAD Release|Any CPU
		{A99195D9-AE49-41F5-8FF0-C7D9EEF9C3AB}.DEBUG_RELEASE_MODE|Any CPU.ActiveCfg = Debug|Any CPU
		{A99195D9-AE49-41F5-8FF0-C7D9EEF9C3AB}.DEBUG_RELEASE_MODE|Any CPU.Build.0 = Debug|Any CPU
		{A99195D9-AE49-41F5-8FF0-C7D9EEF9C3AB}.DEBUG_RELEASE_MODE|x64.ActiveCfg = Debug|Any CPU
		{A99195D9-AE49-41F5-8FF0-C7D9EEF9C3AB}.DEBUG_RELEASE_MODE|x64.Build.0 = Debug|Any CPU
		{A99195D9-AE49-41F5-8FF0-C7D9EEF9C3AB}.DEBUG_RELEASE_MODE|x86.ActiveCfg = Debug|Any CPU
		{A99195D9-AE49-41F5-8FF0-C7D9EEF9C3AB}.DEBUG_RELEASE_MODE|x86.Build.0 = Debug|Any CPU
		{A99195D9-AE49-41F5-8FF0-C7D9EEF9C3AB}.Debug|Any CPU.ActiveCfg = Debug|Any CPU
		{A99195D9-AE49-41F5-8FF0-C7D9EEF9C3AB}.Debug|Any CPU.Build.0 = Debug|Any CPU
		{A99195D9-AE49-41F5-8FF0-C7D9EEF9C3AB}.Debug|x64.ActiveCfg = Debug|Any CPU
		{A99195D9-AE49-41F5-8FF0-C7D9EEF9C3AB}.Debug|x64.Build.0 = Debug|Any CPU
		{A99195D9-AE49-41F5-8FF0-C7D9EEF9C3AB}.Debug|x86.ActiveCfg = Debug|Any CPU
		{A99195D9-AE49-41F5-8FF0-C7D9EEF9C3AB}.Debug|x86.Build.0 = Debug|Any CPU
		{A99195D9-AE49-41F5-8FF0-C7D9EEF9C3AB}.Kiwami 2 Debug|Any CPU.ActiveCfg = Debug|Any CPU
		{A99195D9-AE49-41F5-8FF0-C7D9EEF9C3AB}.Kiwami 2 Debug|Any CPU.Build.0 = Debug|Any CPU
		{A99195D9-AE49-41F5-8FF0-C7D9EEF9C3AB}.Kiwami 2 Debug|x64.ActiveCfg = Debug|Any CPU
		{A99195D9-AE49-41F5-8FF0-C7D9EEF9C3AB}.Kiwami 2 Debug|x64.Build.0 = Debug|Any CPU
		{A99195D9-AE49-41F5-8FF0-C7D9EEF9C3AB}.Kiwami 2 Debug|x86.ActiveCfg = Debug|Any CPU
		{A99195D9-AE49-41F5-8FF0-C7D9EEF9C3AB}.Kiwami 2 Debug|x86.Build.0 = Debug|Any CPU
		{A99195D9-AE49-41F5-8FF0-C7D9EEF9C3AB}.Kiwami 2 Release|Any CPU.ActiveCfg = Release|Any CPU
		{A99195D9-AE49-41F5-8FF0-C7D9EEF9C3AB}.Kiwami 2 Release|Any CPU.Build.0 = Release|Any CPU
		{A99195D9-AE49-41F5-8FF0-C7D9EEF9C3AB}.Kiwami 2 Release|x64.ActiveCfg = Release|Any CPU
		{A99195D9-AE49-41F5-8FF0-C7D9EEF9C3AB}.Kiwami 2 Release|x64.Build.0 = Release|Any CPU
		{A99195D9-AE49-41F5-8FF0-C7D9EEF9C3AB}.Kiwami 2 Release|x86.ActiveCfg = Release|Any CPU
		{A99195D9-AE49-41F5-8FF0-C7D9EEF9C3AB}.Kiwami 2 Release|x86.Build.0 = Release|Any CPU
		{A99195D9-AE49-41F5-8FF0-C7D9EEF9C3AB}.Release|Any CPU.ActiveCfg = Release|Any CPU
		{A99195D9-AE49-41F5-8FF0-C7D9EEF9C3AB}.Release|Any CPU.Build.0 = Release|Any CPU
		{A99195D9-AE49-41F5-8FF0-C7D9EEF9C3AB}.Release|x64.ActiveCfg = Release|Any CPU
		{A99195D9-AE49-41F5-8FF0-C7D9EEF9C3AB}.Release|x64.Build.0 = Release|Any CPU
		{A99195D9-AE49-41F5-8FF0-C7D9EEF9C3AB}.Release|x86.ActiveCfg = Release|Any CPU
		{A99195D9-AE49-41F5-8FF0-C7D9EEF9C3AB}.Release|x86.Build.0 = Release|Any CPU
		{A99195D9-AE49-41F5-8FF0-C7D9EEF9C3AB}.RETAIL_TEST_RELEASE|Any CPU.ActiveCfg = Release|Any CPU
		{A99195D9-AE49-41F5-8FF0-C7D9EEF9C3AB}.RETAIL_TEST_RELEASE|Any CPU.Build.0 = Release|Any CPU
		{A99195D9-AE49-41F5-8FF0-C7D9EEF9C3AB}.RETAIL_TEST_RELEASE|x64.ActiveCfg = Release|Any CPU
		{A99195D9-AE49-41F5-8FF0-C7D9EEF9C3AB}.RETAIL_TEST_RELEASE|x64.Build.0 = Release|Any CPU
		{A99195D9-AE49-41F5-8FF0-C7D9EEF9C3AB}.RETAIL_TEST_RELEASE|x86.ActiveCfg = Release|Any CPU
		{A99195D9-AE49-41F5-8FF0-C7D9EEF9C3AB}.RETAIL_TEST_RELEASE|x86.Build.0 = Release|Any CPU
		{A99195D9-AE49-41F5-8FF0-C7D9EEF9C3AB}.Yakuza 7 Release|Any CPU.ActiveCfg = YLAD Release|Any CPU
		{A99195D9-AE49-41F5-8FF0-C7D9EEF9C3AB}.Yakuza 7 Release|Any CPU.Build.0 = YLAD Release|Any CPU
		{A99195D9-AE49-41F5-8FF0-C7D9EEF9C3AB}.Yakuza 7 Release|x64.ActiveCfg = YLAD Release|Any CPU
		{A99195D9-AE49-41F5-8FF0-C7D9EEF9C3AB}.Yakuza 7 Release|x64.Build.0 = YLAD Release|Any CPU
		{A99195D9-AE49-41F5-8FF0-C7D9EEF9C3AB}.Yakuza 7 Release|x86.ActiveCfg = YLAD Release|Any CPU
		{A99195D9-AE49-41F5-8FF0-C7D9EEF9C3AB}.Yakuza 7 Release|x86.Build.0 = YLAD Release|Any CPU
		{A99195D9-AE49-41F5-8FF0-C7D9EEF9C3AB}.YLAD Debug|Any CPU.ActiveCfg = YLAD Debug|Any CPU
		{A99195D9-AE49-41F5-8FF0-C7D9EEF9C3AB}.YLAD Debug|Any CPU.Build.0 = YLAD Debug|Any CPU
		{A99195D9-AE49-41F5-8FF0-C7D9EEF9C3AB}.YLAD Debug|x64.ActiveCfg = YLAD Debug|Any CPU
		{A99195D9-AE49-41F5-8FF0-C7D9EEF9C3AB}.YLAD Debug|x64.Build.0 = YLAD Debug|Any CPU
		{A99195D9-AE49-41F5-8FF0-C7D9EEF9C3AB}.YLAD Debug|x86.ActiveCfg = YLAD Debug|Any CPU
		{A99195D9-AE49-41F5-8FF0-C7D9EEF9C3AB}.YLAD Debug|x86.Build.0 = YLAD Debug|Any CPU
		{A99195D9-AE49-41F5-8FF0-C7D9EEF9C3AB}.YLAD Release|Any CPU.ActiveCfg = YLAD Release|Any CPU
		{A99195D9-AE49-41F5-8FF0-C7D9EEF9C3AB}.YLAD Release|Any CPU.Build.0 = YLAD Release|Any CPU
		{A99195D9-AE49-41F5-8FF0-C7D9EEF9C3AB}.YLAD Release|x64.ActiveCfg = YLAD Release|Any CPU
		{A99195D9-AE49-41F5-8FF0-C7D9EEF9C3AB}.YLAD Release|x64.Build.0 = YLAD Release|Any CPU
		{A99195D9-AE49-41F5-8FF0-C7D9EEF9C3AB}.YLAD Release|x86.ActiveCfg = YLAD Release|Any CPU
		{A99195D9-AE49-41F5-8FF0-C7D9EEF9C3AB}.YLAD Release|x86.Build.0 = YLAD Release|Any CPU
		{920EF6CA-743B-4784-8BBE-42BD9115FD4D}.DEBUG_RELEASE_MODE|Any CPU.ActiveCfg = Debug|Any CPU
		{920EF6CA-743B-4784-8BBE-42BD9115FD4D}.DEBUG_RELEASE_MODE|Any CPU.Build.0 = Debug|Any CPU
		{920EF6CA-743B-4784-8BBE-42BD9115FD4D}.DEBUG_RELEASE_MODE|x64.ActiveCfg = Debug|Any CPU
		{920EF6CA-743B-4784-8BBE-42BD9115FD4D}.DEBUG_RELEASE_MODE|x64.Build.0 = Debug|Any CPU
		{920EF6CA-743B-4784-8BBE-42BD9115FD4D}.DEBUG_RELEASE_MODE|x86.ActiveCfg = Debug|Any CPU
		{920EF6CA-743B-4784-8BBE-42BD9115FD4D}.DEBUG_RELEASE_MODE|x86.Build.0 = Debug|Any CPU
		{920EF6CA-743B-4784-8BBE-42BD9115FD4D}.Debug|Any CPU.ActiveCfg = Debug|Any CPU
		{920EF6CA-743B-4784-8BBE-42BD9115FD4D}.Debug|Any CPU.Build.0 = Debug|Any CPU
		{920EF6CA-743B-4784-8BBE-42BD9115FD4D}.Debug|x64.ActiveCfg = Debug|Any CPU
		{920EF6CA-743B-4784-8BBE-42BD9115FD4D}.Debug|x64.Build.0 = Debug|Any CPU
		{920EF6CA-743B-4784-8BBE-42BD9115FD4D}.Debug|x86.ActiveCfg = Debug|Any CPU
		{920EF6CA-743B-4784-8BBE-42BD9115FD4D}.Debug|x86.Build.0 = Debug|Any CPU
		{920EF6CA-743B-4784-8BBE-42BD9115FD4D}.Kiwami 2 Debug|Any CPU.ActiveCfg = Debug|Any CPU
		{920EF6CA-743B-4784-8BBE-42BD9115FD4D}.Kiwami 2 Debug|Any CPU.Build.0 = Debug|Any CPU
		{920EF6CA-743B-4784-8BBE-42BD9115FD4D}.Kiwami 2 Debug|x64.ActiveCfg = Debug|Any CPU
		{920EF6CA-743B-4784-8BBE-42BD9115FD4D}.Kiwami 2 Debug|x64.Build.0 = Debug|Any CPU
		{920EF6CA-743B-4784-8BBE-42BD9115FD4D}.Kiwami 2 Debug|x86.ActiveCfg = Debug|Any CPU
		{920EF6CA-743B-4784-8BBE-42BD9115FD4D}.Kiwami 2 Debug|x86.Build.0 = Debug|Any CPU
		{920EF6CA-743B-4784-8BBE-42BD9115FD4D}.Kiwami 2 Release|Any CPU.ActiveCfg = Release|Any CPU
		{920EF6CA-743B-4784-8BBE-42BD9115FD4D}.Kiwami 2 Release|Any CPU.Build.0 = Release|Any CPU
		{920EF6CA-743B-4784-8BBE-42BD9115FD4D}.Kiwami 2 Release|x64.ActiveCfg = Release|Any CPU
		{920EF6CA-743B-4784-8BBE-42BD9115FD4D}.Kiwami 2 Release|x64.Build.0 = Release|Any CPU
		{920EF6CA-743B-4784-8BBE-42BD9115FD4D}.Kiwami 2 Release|x86.ActiveCfg = Release|Any CPU
		{920EF6CA-743B-4784-8BBE-42BD9115FD4D}.Kiwami 2 Release|x86.Build.0 = Release|Any CPU
		{920EF6CA-743B-4784-8BBE-42BD9115FD4D}.Release|Any CPU.ActiveCfg = Release|Any CPU
		{920EF6CA-743B-4784-8BBE-42BD9115FD4D}.Release|Any CPU.Build.0 = Release|Any CPU
		{920EF6CA-743B-4784-8BBE-42BD9115FD4D}.Release|x64.ActiveCfg = Release|Any CPU
		{920EF6CA-743B-4784-8BBE-42BD9115FD4D}.Release|x64.Build.0 = Release|Any CPU
		{920EF6CA-743B-4784-8BBE-42BD9115FD4D}.Release|x86.ActiveCfg = Release|Any CPU
		{920EF6CA-743B-4784-8BBE-42BD9115FD4D}.Release|x86.Build.0 = Release|Any CPU
		{920EF6CA-743B-4784-8BBE-42BD9115FD4D}.RETAIL_TEST_RELEASE|Any CPU.ActiveCfg = Release|Any CPU
		{920EF6CA-743B-4784-8BBE-42BD9115FD4D}.RETAIL_TEST_RELEASE|Any CPU.Build.0 = Release|Any CPU
		{920EF6CA-743B-4784-8BBE-42BD9115FD4D}.RETAIL_TEST_RELEASE|x64.ActiveCfg = Release|Any CPU
		{920EF6CA-743B-4784-8BBE-42BD9115FD4D}.RETAIL_TEST_RELEASE|x64.Build.0 = Release|Any CPU
		{920EF6CA-743B-4784-8BBE-42BD9115FD4D}.RETAIL_TEST_RELEASE|x86.ActiveCfg = Release|Any CPU
		{920EF6CA-743B-4784-8BBE-42BD9115FD4D}.RETAIL_TEST_RELEASE|x86.Build.0 = Release|Any CPU
		{920EF6CA-743B-4784-8BBE-42BD9115FD4D}.Yakuza 7 Release|Any CPU.ActiveCfg = Release|Any CPU
		{920EF6CA-743B-4784-8BBE-42BD9115FD4D}.Yakuza 7 Release|Any CPU.Build.0 = Release|Any CPU
		{920EF6CA-743B-4784-8BBE-42BD9115FD4D}.Yakuza 7 Release|x64.ActiveCfg = Release|Any CPU
		{920EF6CA-743B-4784-8BBE-42BD9115FD4D}.Yakuza 7 Release|x64.Build.0 = Release|Any CPU
		{920EF6CA-743B-4784-8BBE-42BD9115FD4D}.Yakuza 7 Release|x86.ActiveCfg = Release|Any CPU
		{920EF6CA-743B-4784-8BBE-42BD9115FD4D}.Yakuza 7 Release|x86.Build.0 = Release|Any CPU
		{920EF6CA-743B-4784-8BBE-42BD9115FD4D}.YLAD Debug|Any CPU.ActiveCfg = Debug|Any CPU
		{920EF6CA-743B-4784-8BBE-42BD9115FD4D}.YLAD Debug|Any CPU.Build.0 = Debug|Any CPU
		{920EF6CA-743B-4784-8BBE-42BD9115FD4D}.YLAD Debug|x64.ActiveCfg = YLAD Debug|x64
		{920EF6CA-743B-4784-8BBE-42BD9115FD4D}.YLAD Debug|x64.Build.0 = YLAD Debug|x64
		{920EF6CA-743B-4784-8BBE-42BD9115FD4D}.YLAD Debug|x86.ActiveCfg = Debug|Any CPU
		{920EF6CA-743B-4784-8BBE-42BD9115FD4D}.YLAD Debug|x86.Build.0 = Debug|Any CPU
		{920EF6CA-743B-4784-8BBE-42BD9115FD4D}.YLAD Release|Any CPU.ActiveCfg = Release|Any CPU
		{920EF6CA-743B-4784-8BBE-42BD9115FD4D}.YLAD Release|Any CPU.Build.0 = Release|Any CPU
		{920EF6CA-743B-4784-8BBE-42BD9115FD4D}.YLAD Release|x64.ActiveCfg = Release|Any CPU
		{920EF6CA-743B-4784-8BBE-42BD9115FD4D}.YLAD Release|x64.Build.0 = Release|Any CPU
		{920EF6CA-743B-4784-8BBE-42BD9115FD4D}.YLAD Release|x86.ActiveCfg = Release|Any CPU
		{920EF6CA-743B-4784-8BBE-42BD9115FD4D}.YLAD Release|x86.Build.0 = Release|Any CPU
		{A91ADD10-BB77-4699-829B-B6861A839906}.DEBUG_RELEASE_MODE|Any CPU.ActiveCfg = Debug|Any CPU
		{A91ADD10-BB77-4699-829B-B6861A839906}.DEBUG_RELEASE_MODE|Any CPU.Build.0 = Debug|Any CPU
		{A91ADD10-BB77-4699-829B-B6861A839906}.DEBUG_RELEASE_MODE|x64.ActiveCfg = Debug|Any CPU
		{A91ADD10-BB77-4699-829B-B6861A839906}.DEBUG_RELEASE_MODE|x64.Build.0 = Debug|Any CPU
		{A91ADD10-BB77-4699-829B-B6861A839906}.DEBUG_RELEASE_MODE|x86.ActiveCfg = Debug|Any CPU
		{A91ADD10-BB77-4699-829B-B6861A839906}.DEBUG_RELEASE_MODE|x86.Build.0 = Debug|Any CPU
		{A91ADD10-BB77-4699-829B-B6861A839906}.Debug|Any CPU.ActiveCfg = Debug|Any CPU
		{A91ADD10-BB77-4699-829B-B6861A839906}.Debug|Any CPU.Build.0 = Debug|Any CPU
		{A91ADD10-BB77-4699-829B-B6861A839906}.Debug|x64.ActiveCfg = Debug|Any CPU
		{A91ADD10-BB77-4699-829B-B6861A839906}.Debug|x64.Build.0 = Debug|Any CPU
		{A91ADD10-BB77-4699-829B-B6861A839906}.Debug|x86.ActiveCfg = Debug|Any CPU
		{A91ADD10-BB77-4699-829B-B6861A839906}.Debug|x86.Build.0 = Debug|Any CPU
		{A91ADD10-BB77-4699-829B-B6861A839906}.Kiwami 2 Debug|Any CPU.ActiveCfg = Debug|Any CPU
		{A91ADD10-BB77-4699-829B-B6861A839906}.Kiwami 2 Debug|Any CPU.Build.0 = Debug|Any CPU
		{A91ADD10-BB77-4699-829B-B6861A839906}.Kiwami 2 Debug|x64.ActiveCfg = Debug|Any CPU
		{A91ADD10-BB77-4699-829B-B6861A839906}.Kiwami 2 Debug|x64.Build.0 = Debug|Any CPU
		{A91ADD10-BB77-4699-829B-B6861A839906}.Kiwami 2 Debug|x86.ActiveCfg = Debug|Any CPU
		{A91ADD10-BB77-4699-829B-B6861A839906}.Kiwami 2 Debug|x86.Build.0 = Debug|Any CPU
		{A91ADD10-BB77-4699-829B-B6861A839906}.Kiwami 2 Release|Any CPU.ActiveCfg = Release|Any CPU
		{A91ADD10-BB77-4699-829B-B6861A839906}.Kiwami 2 Release|Any CPU.Build.0 = Release|Any CPU
		{A91ADD10-BB77-4699-829B-B6861A839906}.Kiwami 2 Release|x64.ActiveCfg = Release|Any CPU
		{A91ADD10-BB77-4699-829B-B6861A839906}.Kiwami 2 Release|x64.Build.0 = Release|Any CPU
		{A91ADD10-BB77-4699-829B-B6861A839906}.Kiwami 2 Release|x86.ActiveCfg = Release|Any CPU
		{A91ADD10-BB77-4699-829B-B6861A839906}.Kiwami 2 Release|x86.Build.0 = Release|Any CPU
		{A91ADD10-BB77-4699-829B-B6861A839906}.Release|Any CPU.ActiveCfg = Release|Any CPU
		{A91ADD10-BB77-4699-829B-B6861A839906}.Release|Any CPU.Build.0 = Release|Any CPU
		{A91ADD10-BB77-4699-829B-B6861A839906}.Release|x64.ActiveCfg = Release|Any CPU
		{A91ADD10-BB77-4699-829B-B6861A839906}.Release|x64.Build.0 = Release|Any CPU
		{A91ADD10-BB77-4699-829B-B6861A839906}.Release|x86.ActiveCfg = Release|Any CPU
		{A91ADD10-BB77-4699-829B-B6861A839906}.Release|x86.Build.0 = Release|Any CPU
		{A91ADD10-BB77-4699-829B-B6861A839906}.RETAIL_TEST_RELEASE|Any CPU.ActiveCfg = Release|Any CPU
		{A91ADD10-BB77-4699-829B-B6861A839906}.RETAIL_TEST_RELEASE|Any CPU.Build.0 = Release|Any CPU
		{A91ADD10-BB77-4699-829B-B6861A839906}.RETAIL_TEST_RELEASE|x64.ActiveCfg = Release|Any CPU
		{A91ADD10-BB77-4699-829B-B6861A839906}.RETAIL_TEST_RELEASE|x64.Build.0 = Release|Any CPU
		{A91ADD10-BB77-4699-829B-B6861A839906}.RETAIL_TEST_RELEASE|x86.ActiveCfg = Release|Any CPU
		{A91ADD10-BB77-4699-829B-B6861A839906}.RETAIL_TEST_RELEASE|x86.Build.0 = Release|Any CPU
		{A91ADD10-BB77-4699-829B-B6861A839906}.Yakuza 7 Release|Any CPU.ActiveCfg = Release|Any CPU
		{A91ADD10-BB77-4699-829B-B6861A839906}.Yakuza 7 Release|Any CPU.Build.0 = Release|Any CPU
		{A91ADD10-BB77-4699-829B-B6861A839906}.Yakuza 7 Release|x64.ActiveCfg = Release|Any CPU
		{A91ADD10-BB77-4699-829B-B6861A839906}.Yakuza 7 Release|x64.Build.0 = Release|Any CPU
		{A91ADD10-BB77-4699-829B-B6861A839906}.Yakuza 7 Release|x86.ActiveCfg = Release|Any CPU
		{A91ADD10-BB77-4699-829B-B6861A839906}.Yakuza 7 Release|x86.Build.0 = Release|Any CPU
		{A91ADD10-BB77-4699-829B-B6861A839906}.YLAD Debug|Any CPU.ActiveCfg = Debug|Any CPU
		{A91ADD10-BB77-4699-829B-B6861A839906}.YLAD Debug|Any CPU.Build.0 = Debug|Any CPU
		{A91ADD10-BB77-4699-829B-B6861A839906}.YLAD Debug|x64.ActiveCfg = Debug|Any CPU
		{A91ADD10-BB77-4699-829B-B6861A839906}.YLAD Debug|x64.Build.0 = Debug|Any CPU
		{A91ADD10-BB77-4699-829B-B6861A839906}.YLAD Debug|x86.ActiveCfg = Debug|Any CPU
		{A91ADD10-BB77-4699-829B-B6861A839906}.YLAD Debug|x86.Build.0 = Debug|Any CPU
		{A91ADD10-BB77-4699-829B-B6861A839906}.YLAD Release|Any CPU.ActiveCfg = Release|Any CPU
		{A91ADD10-BB77-4699-829B-B6861A839906}.YLAD Release|Any CPU.Build.0 = Release|Any CPU
		{A91ADD10-BB77-4699-829B-B6861A839906}.YLAD Release|x64.ActiveCfg = Release|Any CPU
		{A91ADD10-BB77-4699-829B-B6861A839906}.YLAD Release|x64.Build.0 = Release|Any CPU
		{A91ADD10-BB77-4699-829B-B6861A839906}.YLAD Release|x86.ActiveCfg = Release|Any CPU
		{A91ADD10-BB77-4699-829B-B6861A839906}.YLAD Release|x86.Build.0 = Release|Any CPU
	EndGlobalSection
	GlobalSection(SolutionProperties) = preSolution
		HideSolutionNode = FALSE
	EndGlobalSection
	GlobalSection(ExtensibilityGlobals) = postSolution
		SolutionGuid = {F8BE3018-1424-4F60-964D-403F8138502E}
	EndGlobalSection
EndGlobal
