
Microsoft Visual Studio Solution File, Format Version 12.00
# Visual Studio 15
VisualStudioVersion = 15.0.28307.1231
MinimumVisualStudioVersion = 10.0.40219.1
Project("{8BC9CEB8-8B4A-11D0-8D11-00A0C91BC942}") = "DELibrary.NET Testing", "DELibrary.NET Testing\DELibrary.NET Testing.vcxproj", "{CCD8CC5E-AA0F-40C4-A20F-F6031CCC05CB}"
EndProject
Project("{FAE04EC0-301F-11D3-BF4B-00C04F79EFBC}") = "DELibrary.NET", "DELibrary.NET\DELibrary.NET.csproj", "{9900112C-25D6-427D-846A-A90E31CF8FE3}"
EndProject
Project("{FAE04EC0-301F-11D3-BF4B-00C04F79EFBC}") = "Yakuza 7 Online", "Yakuza 7 Online\Yakuza 7 Online.csproj", "{EA19C141-13B5-4B77-A3FB-A4D203AD1B41}"
EndProject
Project("{FAE04EC0-301F-11D3-BF4B-00C04F79EFBC}") = "HActViewer", "HActViewer\HActViewer.csproj", "{A819AC85-983C-4A37-AEE1-556974524F59}"
EndProject
Project("{9A19103F-16F7-4668-BE54-9A1E7A4F7556}") = "ImGui.NET", "ImGui.NET-master\ImGui.NET-master\src\ImGui.NET\ImGui.NET.csproj", "{A99195D9-AE49-41F5-8FF0-C7D9EEF9C3AB}"
EndProject
Project("{FAE04EC0-301F-11D3-BF4B-00C04F79EFBC}") = "TestMod", "TestMod\TestMod.csproj", "{36D7C2C8-962C-4539-928B-49DF2A6899CA}"
EndProject
Project("{FAE04EC0-301F-11D3-BF4B-00C04F79EFBC}") = "Y7DebugTools", "Y7DebugTools\Y7DebugTools.csproj", "{4161B440-05F3-4409-96BC-242A69BCBE01}"
EndProject
Project("{FAE04EC0-301F-11D3-BF4B-00C04F79EFBC}") = "Brawler", "Brawler\Brawler.csproj", "{6BB08119-CCCF-41E9-B6A9-DAAAE9BA61AE}"
EndProject
Project("{FAE04EC0-301F-11D3-BF4B-00C04F79EFBC}") = "Dance Battle!", "Dance Battle!\Dance Battle!.csproj", "{5CD10D97-AFED-4EBF-B19C-6C3A887588E1}"
EndProject
Global
	GlobalSection(SolutionConfigurationPlatforms) = preSolution
		Debug|Any CPU = Debug|Any CPU
		Debug|x64 = Debug|x64
		Debug|x86 = Debug|x86
		Release|Any CPU = Release|Any CPU
		Release|x64 = Release|x64
		Release|x86 = Release|x86
	EndGlobalSection
	GlobalSection(ProjectConfigurationPlatforms) = postSolution
		{CCD8CC5E-AA0F-40C4-A20F-F6031CCC05CB}.Debug|Any CPU.ActiveCfg = Debug|Win32
		{CCD8CC5E-AA0F-40C4-A20F-F6031CCC05CB}.Debug|x64.ActiveCfg = Debug|x64
		{CCD8CC5E-AA0F-40C4-A20F-F6031CCC05CB}.Debug|x64.Build.0 = Debug|x64
		{CCD8CC5E-AA0F-40C4-A20F-F6031CCC05CB}.Debug|x86.ActiveCfg = Debug|Win32
		{CCD8CC5E-AA0F-40C4-A20F-F6031CCC05CB}.Debug|x86.Build.0 = Debug|Win32
		{CCD8CC5E-AA0F-40C4-A20F-F6031CCC05CB}.Release|Any CPU.ActiveCfg = Release|Win32
		{CCD8CC5E-AA0F-40C4-A20F-F6031CCC05CB}.Release|x64.ActiveCfg = Release|x64
		{CCD8CC5E-AA0F-40C4-A20F-F6031CCC05CB}.Release|x64.Build.0 = Release|x64
		{CCD8CC5E-AA0F-40C4-A20F-F6031CCC05CB}.Release|x86.ActiveCfg = Release|Win32
		{CCD8CC5E-AA0F-40C4-A20F-F6031CCC05CB}.Release|x86.Build.0 = Release|Win32
		{9900112C-25D6-427D-846A-A90E31CF8FE3}.Debug|Any CPU.ActiveCfg = Debug|Any CPU
		{9900112C-25D6-427D-846A-A90E31CF8FE3}.Debug|Any CPU.Build.0 = Debug|Any CPU
		{9900112C-25D6-427D-846A-A90E31CF8FE3}.Debug|x64.ActiveCfg = Debug|Any CPU
		{9900112C-25D6-427D-846A-A90E31CF8FE3}.Debug|x64.Build.0 = Debug|Any CPU
		{9900112C-25D6-427D-846A-A90E31CF8FE3}.Debug|x86.ActiveCfg = Debug|Any CPU
		{9900112C-25D6-427D-846A-A90E31CF8FE3}.Debug|x86.Build.0 = Debug|Any CPU
		{9900112C-25D6-427D-846A-A90E31CF8FE3}.Release|Any CPU.ActiveCfg = Release|Any CPU
		{9900112C-25D6-427D-846A-A90E31CF8FE3}.Release|Any CPU.Build.0 = Release|Any CPU
		{9900112C-25D6-427D-846A-A90E31CF8FE3}.Release|x64.ActiveCfg = Release|Any CPU
		{9900112C-25D6-427D-846A-A90E31CF8FE3}.Release|x64.Build.0 = Release|Any CPU
		{9900112C-25D6-427D-846A-A90E31CF8FE3}.Release|x86.ActiveCfg = Release|Any CPU
		{9900112C-25D6-427D-846A-A90E31CF8FE3}.Release|x86.Build.0 = Release|Any CPU
		{EA19C141-13B5-4B77-A3FB-A4D203AD1B41}.Debug|Any CPU.ActiveCfg = Debug|Any CPU
		{EA19C141-13B5-4B77-A3FB-A4D203AD1B41}.Debug|Any CPU.Build.0 = Debug|Any CPU
		{EA19C141-13B5-4B77-A3FB-A4D203AD1B41}.Debug|x64.ActiveCfg = Debug|Any CPU
		{EA19C141-13B5-4B77-A3FB-A4D203AD1B41}.Debug|x64.Build.0 = Debug|Any CPU
		{EA19C141-13B5-4B77-A3FB-A4D203AD1B41}.Debug|x86.ActiveCfg = Debug|Any CPU
		{EA19C141-13B5-4B77-A3FB-A4D203AD1B41}.Debug|x86.Build.0 = Debug|Any CPU
		{EA19C141-13B5-4B77-A3FB-A4D203AD1B41}.Release|Any CPU.ActiveCfg = Release|Any CPU
		{EA19C141-13B5-4B77-A3FB-A4D203AD1B41}.Release|Any CPU.Build.0 = Release|Any CPU
		{EA19C141-13B5-4B77-A3FB-A4D203AD1B41}.Release|x64.ActiveCfg = Release|Any CPU
		{EA19C141-13B5-4B77-A3FB-A4D203AD1B41}.Release|x64.Build.0 = Release|Any CPU
		{EA19C141-13B5-4B77-A3FB-A4D203AD1B41}.Release|x86.ActiveCfg = Release|Any CPU
		{EA19C141-13B5-4B77-A3FB-A4D203AD1B41}.Release|x86.Build.0 = Release|Any CPU
		{A819AC85-983C-4A37-AEE1-556974524F59}.Debug|Any CPU.ActiveCfg = Debug|Any CPU
		{A819AC85-983C-4A37-AEE1-556974524F59}.Debug|Any CPU.Build.0 = Debug|Any CPU
		{A819AC85-983C-4A37-AEE1-556974524F59}.Debug|x64.ActiveCfg = Debug|Any CPU
		{A819AC85-983C-4A37-AEE1-556974524F59}.Debug|x64.Build.0 = Debug|Any CPU
		{A819AC85-983C-4A37-AEE1-556974524F59}.Debug|x86.ActiveCfg = Debug|Any CPU
		{A819AC85-983C-4A37-AEE1-556974524F59}.Debug|x86.Build.0 = Debug|Any CPU
		{A819AC85-983C-4A37-AEE1-556974524F59}.Release|Any CPU.ActiveCfg = Release|Any CPU
		{A819AC85-983C-4A37-AEE1-556974524F59}.Release|Any CPU.Build.0 = Release|Any CPU
		{A819AC85-983C-4A37-AEE1-556974524F59}.Release|x64.ActiveCfg = Release|Any CPU
		{A819AC85-983C-4A37-AEE1-556974524F59}.Release|x64.Build.0 = Release|Any CPU
		{A819AC85-983C-4A37-AEE1-556974524F59}.Release|x86.ActiveCfg = Release|Any CPU
		{A819AC85-983C-4A37-AEE1-556974524F59}.Release|x86.Build.0 = Release|Any CPU
		{A99195D9-AE49-41F5-8FF0-C7D9EEF9C3AB}.Debug|Any CPU.ActiveCfg = Debug|Any CPU
		{A99195D9-AE49-41F5-8FF0-C7D9EEF9C3AB}.Debug|Any CPU.Build.0 = Debug|Any CPU
		{A99195D9-AE49-41F5-8FF0-C7D9EEF9C3AB}.Debug|x64.ActiveCfg = Debug|Any CPU
		{A99195D9-AE49-41F5-8FF0-C7D9EEF9C3AB}.Debug|x64.Build.0 = Debug|Any CPU
		{A99195D9-AE49-41F5-8FF0-C7D9EEF9C3AB}.Debug|x86.ActiveCfg = Debug|Any CPU
		{A99195D9-AE49-41F5-8FF0-C7D9EEF9C3AB}.Debug|x86.Build.0 = Debug|Any CPU
		{A99195D9-AE49-41F5-8FF0-C7D9EEF9C3AB}.Release|Any CPU.ActiveCfg = Release|Any CPU
		{A99195D9-AE49-41F5-8FF0-C7D9EEF9C3AB}.Release|Any CPU.Build.0 = Release|Any CPU
		{A99195D9-AE49-41F5-8FF0-C7D9EEF9C3AB}.Release|x64.ActiveCfg = Release|Any CPU
		{A99195D9-AE49-41F5-8FF0-C7D9EEF9C3AB}.Release|x64.Build.0 = Release|Any CPU
		{A99195D9-AE49-41F5-8FF0-C7D9EEF9C3AB}.Release|x86.ActiveCfg = Release|Any CPU
		{A99195D9-AE49-41F5-8FF0-C7D9EEF9C3AB}.Release|x86.Build.0 = Release|Any CPU
		{36D7C2C8-962C-4539-928B-49DF2A6899CA}.Debug|Any CPU.ActiveCfg = Debug|Any CPU
		{36D7C2C8-962C-4539-928B-49DF2A6899CA}.Debug|Any CPU.Build.0 = Debug|Any CPU
		{36D7C2C8-962C-4539-928B-49DF2A6899CA}.Debug|x64.ActiveCfg = Debug|Any CPU
		{36D7C2C8-962C-4539-928B-49DF2A6899CA}.Debug|x64.Build.0 = Debug|Any CPU
		{36D7C2C8-962C-4539-928B-49DF2A6899CA}.Debug|x86.ActiveCfg = Debug|Any CPU
		{36D7C2C8-962C-4539-928B-49DF2A6899CA}.Debug|x86.Build.0 = Debug|Any CPU
		{36D7C2C8-962C-4539-928B-49DF2A6899CA}.Release|Any CPU.ActiveCfg = Release|Any CPU
		{36D7C2C8-962C-4539-928B-49DF2A6899CA}.Release|Any CPU.Build.0 = Release|Any CPU
		{36D7C2C8-962C-4539-928B-49DF2A6899CA}.Release|x64.ActiveCfg = Release|Any CPU
		{36D7C2C8-962C-4539-928B-49DF2A6899CA}.Release|x64.Build.0 = Release|Any CPU
		{36D7C2C8-962C-4539-928B-49DF2A6899CA}.Release|x86.ActiveCfg = Release|Any CPU
		{36D7C2C8-962C-4539-928B-49DF2A6899CA}.Release|x86.Build.0 = Release|Any CPU
		{4161B440-05F3-4409-96BC-242A69BCBE01}.Debug|Any CPU.ActiveCfg = Debug|Any CPU
		{4161B440-05F3-4409-96BC-242A69BCBE01}.Debug|Any CPU.Build.0 = Debug|Any CPU
		{4161B440-05F3-4409-96BC-242A69BCBE01}.Debug|x64.ActiveCfg = Debug|Any CPU
		{4161B440-05F3-4409-96BC-242A69BCBE01}.Debug|x64.Build.0 = Debug|Any CPU
		{4161B440-05F3-4409-96BC-242A69BCBE01}.Debug|x86.ActiveCfg = Debug|Any CPU
		{4161B440-05F3-4409-96BC-242A69BCBE01}.Debug|x86.Build.0 = Debug|Any CPU
		{4161B440-05F3-4409-96BC-242A69BCBE01}.Release|Any CPU.ActiveCfg = Release|Any CPU
		{4161B440-05F3-4409-96BC-242A69BCBE01}.Release|Any CPU.Build.0 = Release|Any CPU
		{4161B440-05F3-4409-96BC-242A69BCBE01}.Release|x64.ActiveCfg = Release|Any CPU
		{4161B440-05F3-4409-96BC-242A69BCBE01}.Release|x64.Build.0 = Release|Any CPU
		{4161B440-05F3-4409-96BC-242A69BCBE01}.Release|x86.ActiveCfg = Release|Any CPU
		{4161B440-05F3-4409-96BC-242A69BCBE01}.Release|x86.Build.0 = Release|Any CPU
		{6BB08119-CCCF-41E9-B6A9-DAAAE9BA61AE}.Debug|Any CPU.ActiveCfg = Debug|Any CPU
		{6BB08119-CCCF-41E9-B6A9-DAAAE9BA61AE}.Debug|Any CPU.Build.0 = Debug|Any CPU
		{6BB08119-CCCF-41E9-B6A9-DAAAE9BA61AE}.Debug|x64.ActiveCfg = Debug|Any CPU
		{6BB08119-CCCF-41E9-B6A9-DAAAE9BA61AE}.Debug|x64.Build.0 = Debug|Any CPU
		{6BB08119-CCCF-41E9-B6A9-DAAAE9BA61AE}.Debug|x86.ActiveCfg = Debug|Any CPU
		{6BB08119-CCCF-41E9-B6A9-DAAAE9BA61AE}.Debug|x86.Build.0 = Debug|Any CPU
		{6BB08119-CCCF-41E9-B6A9-DAAAE9BA61AE}.Release|Any CPU.ActiveCfg = Release|Any CPU
		{6BB08119-CCCF-41E9-B6A9-DAAAE9BA61AE}.Release|Any CPU.Build.0 = Release|Any CPU
		{6BB08119-CCCF-41E9-B6A9-DAAAE9BA61AE}.Release|x64.ActiveCfg = Release|Any CPU
		{6BB08119-CCCF-41E9-B6A9-DAAAE9BA61AE}.Release|x64.Build.0 = Release|Any CPU
		{6BB08119-CCCF-41E9-B6A9-DAAAE9BA61AE}.Release|x86.ActiveCfg = Release|Any CPU
		{6BB08119-CCCF-41E9-B6A9-DAAAE9BA61AE}.Release|x86.Build.0 = Release|Any CPU
		{5CD10D97-AFED-4EBF-B19C-6C3A887588E1}.Debug|Any CPU.ActiveCfg = Debug|Any CPU
		{5CD10D97-AFED-4EBF-B19C-6C3A887588E1}.Debug|Any CPU.Build.0 = Debug|Any CPU
		{5CD10D97-AFED-4EBF-B19C-6C3A887588E1}.Debug|x64.ActiveCfg = Debug|Any CPU
		{5CD10D97-AFED-4EBF-B19C-6C3A887588E1}.Debug|x64.Build.0 = Debug|Any CPU
		{5CD10D97-AFED-4EBF-B19C-6C3A887588E1}.Debug|x86.ActiveCfg = Debug|Any CPU
		{5CD10D97-AFED-4EBF-B19C-6C3A887588E1}.Debug|x86.Build.0 = Debug|Any CPU
		{5CD10D97-AFED-4EBF-B19C-6C3A887588E1}.Release|Any CPU.ActiveCfg = Release|Any CPU
		{5CD10D97-AFED-4EBF-B19C-6C3A887588E1}.Release|Any CPU.Build.0 = Release|Any CPU
		{5CD10D97-AFED-4EBF-B19C-6C3A887588E1}.Release|x64.ActiveCfg = Release|Any CPU
		{5CD10D97-AFED-4EBF-B19C-6C3A887588E1}.Release|x64.Build.0 = Release|Any CPU
		{5CD10D97-AFED-4EBF-B19C-6C3A887588E1}.Release|x86.ActiveCfg = Release|Any CPU
		{5CD10D97-AFED-4EBF-B19C-6C3A887588E1}.Release|x86.Build.0 = Release|Any CPU
	EndGlobalSection
	GlobalSection(SolutionProperties) = preSolution
		HideSolutionNode = FALSE
	EndGlobalSection
	GlobalSection(ExtensibilityGlobals) = postSolution
		SolutionGuid = {F8BE3018-1424-4F60-964D-403F8138502E}
	EndGlobalSection
EndGlobal
