
Microsoft Visual Studio Solution File, Format Version 12.00
# Visual Studio Version 17
VisualStudioVersion = 17.3.32929.385
MinimumVisualStudioVersion = 10.0.40219.1
Project("{8BC9CEB8-8B4A-11D0-8D11-00A0C91BC942}") = "DELibrary.NET Testing", "DELibrary.NET Testing.vcxproj", "{CCD8CC5E-AA0F-40C4-A20F-F6031CCC05CB}"
EndProject
Global
	GlobalSection(SolutionConfigurationPlatforms) = preSolution
		Debug|x64 = Debug|x64
		Debug|x86 = Debug|x86
		Release|x64 = Release|x64
		Release|x86 = Release|x86
		YLAD Debug|x64 = YLAD Debug|x64
		YLAD Debug|x86 = YLAD Debug|x86
		YLAD Release|x64 = YLAD Release|x64
		YLAD Release|x86 = YLAD Release|x86
	EndGlobalSection
	GlobalSection(ProjectConfigurationPlatforms) = postSolution
		{CCD8CC5E-AA0F-40C4-A20F-F6031CCC05CB}.Debug|x64.ActiveCfg = Debug|x64
		{CCD8CC5E-AA0F-40C4-A20F-F6031CCC05CB}.Debug|x64.Build.0 = Debug|x64
		{CCD8CC5E-AA0F-40C4-A20F-F6031CCC05CB}.Debug|x86.ActiveCfg = Debug|Win32
		{CCD8CC5E-AA0F-40C4-A20F-F6031CCC05CB}.Debug|x86.Build.0 = Debug|Win32
		{CCD8CC5E-AA0F-40C4-A20F-F6031CCC05CB}.Release|x64.ActiveCfg = Release|x64
		{CCD8CC5E-AA0F-40C4-A20F-F6031CCC05CB}.Release|x64.Build.0 = Release|x64
		{CCD8CC5E-AA0F-40C4-A20F-F6031CCC05CB}.Release|x86.ActiveCfg = Release|Win32
		{CCD8CC5E-AA0F-40C4-A20F-F6031CCC05CB}.Release|x86.Build.0 = Release|Win32
		{CCD8CC5E-AA0F-40C4-A20F-F6031CCC05CB}.YLAD Debug|x64.ActiveCfg = YLAD Debug|x64
		{CCD8CC5E-AA0F-40C4-A20F-F6031CCC05CB}.YLAD Debug|x64.Build.0 = YLAD Debug|x64
		{CCD8CC5E-AA0F-40C4-A20F-F6031CCC05CB}.YLAD Debug|x86.ActiveCfg = YLAD Debug|Win32
		{CCD8CC5E-AA0F-40C4-A20F-F6031CCC05CB}.YLAD Debug|x86.Build.0 = YLAD Debug|Win32
		{CCD8CC5E-AA0F-40C4-A20F-F6031CCC05CB}.YLAD Release|x64.ActiveCfg = YLAD Release|x64
		{CCD8CC5E-AA0F-40C4-A20F-F6031CCC05CB}.YLAD Release|x64.Build.0 = YLAD Release|x64
		{CCD8CC5E-AA0F-40C4-A20F-F6031CCC05CB}.YLAD Release|x86.ActiveCfg = YLAD Release|Win32
		{CCD8CC5E-AA0F-40C4-A20F-F6031CCC05CB}.YLAD Release|x86.Build.0 = YLAD Release|Win32
	EndGlobalSection
	GlobalSection(SolutionProperties) = preSolution
		HideSolutionNode = FALSE
	EndGlobalSection
	GlobalSection(ExtensibilityGlobals) = postSolution
		SolutionGuid = {3182E593-8662-412F-AF21-67640851F840}
	EndGlobalSection
EndGlobal
